
Microsoft Visual Studio Solution File, Format Version 12.00
# Visual Studio 15
VisualStudioVersion = 15.0.28010.2036
MinimumVisualStudioVersion = 10.0.40219.1
Project("{FAE04EC0-301F-11D3-BF4B-00C04F79EFBC}") = "Figures", "Figures\Figures.csproj", "{A8A54748-8CAD-4409-B546-69084D7CFE7F}"
EndProject
Project("{FAE04EC0-301F-11D3-BF4B-00C04F79EFBC}") = "FiguresTest", "FiguresTest\FiguresTest.csproj", "{5BF4F67F-C172-4281-A6F6-6FB6E24EF3CA}"
EndProject
Global
	GlobalSection(SolutionConfigurationPlatforms) = preSolution
		Debug|Any CPU = Debug|Any CPU
		Release|Any CPU = Release|Any CPU
	EndGlobalSection
	GlobalSection(ProjectConfigurationPlatforms) = postSolution
		{A8A54748-8CAD-4409-B546-69084D7CFE7F}.Debug|Any CPU.ActiveCfg = Debug|Any CPU
		{A8A54748-8CAD-4409-B546-69084D7CFE7F}.Debug|Any CPU.Build.0 = Debug|Any CPU
		{A8A54748-8CAD-4409-B546-69084D7CFE7F}.Release|Any CPU.ActiveCfg = Release|Any CPU
		{A8A54748-8CAD-4409-B546-69084D7CFE7F}.Release|Any CPU.Build.0 = Release|Any CPU
		{5BF4F67F-C172-4281-A6F6-6FB6E24EF3CA}.Debug|Any CPU.ActiveCfg = Debug|Any CPU
		{5BF4F67F-C172-4281-A6F6-6FB6E24EF3CA}.Debug|Any CPU.Build.0 = Debug|Any CPU
		{5BF4F67F-C172-4281-A6F6-6FB6E24EF3CA}.Release|Any CPU.ActiveCfg = Release|Any CPU
		{5BF4F67F-C172-4281-A6F6-6FB6E24EF3CA}.Release|Any CPU.Build.0 = Release|Any CPU
	EndGlobalSection
	GlobalSection(SolutionProperties) = preSolution
		HideSolutionNode = FALSE
	EndGlobalSection
	GlobalSection(ExtensibilityGlobals) = postSolution
		SolutionGuid = {08BF650E-C9A1-4C11-A6C1-34E9D8DFE692}
	EndGlobalSection
EndGlobal
